
Microsoft Visual Studio Solution File, Format Version 12.00
# Visual Studio Version 17
VisualStudioVersion = 17.14.36518.9 d17.14
MinimumVisualStudioVersion = 10.0.40219.1
Project("{FAE04EC0-301F-11D3-BF4B-00C04F79EFBC}") = "Lab3.OP", "Lab3.OP\Lab3.OP.csproj", "{E52D4067-F2A3-4D1F-AE2F-BC543ADC6BF3}"
EndProject
Global
	GlobalSection(SolutionConfigurationPlatforms) = preSolution
		Debug|Any CPU = Debug|Any CPU
		Release|Any CPU = Release|Any CPU
	EndGlobalSection
	GlobalSection(ProjectConfigurationPlatforms) = postSolution
		{E52D4067-F2A3-4D1F-AE2F-BC543ADC6BF3}.Debug|Any CPU.ActiveCfg = Debug|Any CPU
		{E52D4067-F2A3-4D1F-AE2F-BC543ADC6BF3}.Debug|Any CPU.Build.0 = Debug|Any CPU
		{E52D4067-F2A3-4D1F-AE2F-BC543ADC6BF3}.Release|Any CPU.ActiveCfg = Release|Any CPU
		{E52D4067-F2A3-4D1F-AE2F-BC543ADC6BF3}.Release|Any CPU.Build.0 = Release|Any CPU
	EndGlobalSection
	GlobalSection(SolutionProperties) = preSolution
		HideSolutionNode = FALSE
	EndGlobalSection
	GlobalSection(ExtensibilityGlobals) = postSolution
		SolutionGuid = {46FCD421-8CE2-4592-90B6-A604D069701D}
	EndGlobalSection
EndGlobal
